// !$*UTF8*$!
{
	archiveVersion = 1;
	classes = {
	};
	objectVersion = 50;
	objects = {

/* Begin PBXBuildFile section */
		98FA22EB402D86E77A19B834 /* libPods-ToAppStore.a in Frameworks */ = {isa = PBXBuildFile; fileRef = ADDCCAA052CFE6F22C5B7907 /* libPods-ToAppStore.a */; };
		E282EBF720DD40DA00B225BD /* AppDelegate.m in Sources */ = {isa = PBXBuildFile; fileRef = E282EBF620DD40DA00B225BD /* AppDelegate.m */; };
		E282EBFA20DD40DA00B225BD /* ViewController.m in Sources */ = {isa = PBXBuildFile; fileRef = E282EBF920DD40DA00B225BD /* ViewController.m */; };
		E282EBFD20DD40DA00B225BD /* Main.storyboard in Resources */ = {isa = PBXBuildFile; fileRef = E282EBFB20DD40DA00B225BD /* Main.storyboard */; };
		E282EBFF20DD40DB00B225BD /* Assets.xcassets in Resources */ = {isa = PBXBuildFile; fileRef = E282EBFE20DD40DB00B225BD /* Assets.xcassets */; };
		E282EC0220DD40DB00B225BD /* LaunchScreen.storyboard in Resources */ = {isa = PBXBuildFile; fileRef = E282EC0020DD40DB00B225BD /* LaunchScreen.storyboard */; };
		E282EC0520DD40DB00B225BD /* main.m in Sources */ = {isa = PBXBuildFile; fileRef = E282EC0420DD40DB00B225BD /* main.m */; };
		E282EC0D20DD4A0200B225BD /* StoreKit.framework in Frameworks */ = {isa = PBXBuildFile; fileRef = E282EC0C20DD4A0200B225BD /* StoreKit.framework */; };
		E299AFB2210BF723003949D4 /* SKViewController.m in Sources */ = {isa = PBXBuildFile; fileRef = E299AFB1210BF723003949D4 /* SKViewController.m */; };
		E2EE9E2920E3D25B003B77F4 /* ViewController2.m in Sources */ = {isa = PBXBuildFile; fileRef = E2EE9E2820E3D25B003B77F4 /* ViewController2.m */; };
/* End PBXBuildFile section */

/* Begin PBXFileReference section */
		06ACE1BE208D48972F8B072C /* Pods-ToAppStore.debug.xcconfig */ = {isa = PBXFileReference; includeInIndex = 1; lastKnownFileType = text.xcconfig; name = "Pods-ToAppStore.debug.xcconfig"; path = "Pods/Target Support Files/Pods-ToAppStore/Pods-ToAppStore.debug.xcconfig"; sourceTree = "<group>"; };
		31E0B0DFAD7F388C602ADD15 /* Pods-ToAppStore.release.xcconfig */ = {isa = PBXFileReference; includeInIndex = 1; lastKnownFileType = text.xcconfig; name = "Pods-ToAppStore.release.xcconfig"; path = "Pods/Target Support Files/Pods-ToAppStore/Pods-ToAppStore.release.xcconfig"; sourceTree = "<group>"; };
		ADDCCAA052CFE6F22C5B7907 /* libPods-ToAppStore.a */ = {isa = PBXFileReference; explicitFileType = archive.ar; includeInIndex = 0; path = "libPods-ToAppStore.a"; sourceTree = BUILT_PRODUCTS_DIR; };
		E282EBF220DD40DA00B225BD /* ToAppStore.app */ = {isa = PBXFileReference; explicitFileType = wrapper.application; includeInIndex = 0; path = ToAppStore.app; sourceTree = BUILT_PRODUCTS_DIR; };
		E282EBF520DD40DA00B225BD /* AppDelegate.h */ = {isa = PBXFileReference; lastKnownFileType = sourcecode.c.h; path = AppDelegate.h; sourceTree = "<group>"; };
		E282EBF620DD40DA00B225BD /* AppDelegate.m */ = {isa = PBXFileReference; lastKnownFileType = sourcecode.c.objc; path = AppDelegate.m; sourceTree = "<group>"; };
		E282EBF820DD40DA00B225BD /* ViewController.h */ = {isa = PBXFileReference; lastKnownFileType = sourcecode.c.h; path = ViewController.h; sourceTree = "<group>"; };
		E282EBF920DD40DA00B225BD /* ViewController.m */ = {isa = PBXFileReference; lastKnownFileType = sourcecode.c.objc; path = ViewController.m; sourceTree = "<group>"; };
		E282EBFC20DD40DA00B225BD /* Base */ = {isa = PBXFileReference; lastKnownFileType = file.storyboard; name = Base; path = Base.lproj/Main.storyboard; sourceTree = "<group>"; };
		E282EBFE20DD40DB00B225BD /* Assets.xcassets */ = {isa = PBXFileReference; lastKnownFileType = folder.assetcatalog; path = Assets.xcassets; sourceTree = "<group>"; };
		E282EC0120DD40DB00B225BD /* Base */ = {isa = PBXFileReference; lastKnownFileType = file.storyboard; name = Base; path = Base.lproj/LaunchScreen.storyboard; sourceTree = "<group>"; };
		E282EC0320DD40DB00B225BD /* Info.plist */ = {isa = PBXFileReference; lastKnownFileType = text.plist.xml; path = Info.plist; sourceTree = "<group>"; };
		E282EC0420DD40DB00B225BD /* main.m */ = {isa = PBXFileReference; lastKnownFileType = sourcecode.c.objc; path = main.m; sourceTree = "<group>"; };
		E282EC0C20DD4A0200B225BD /* StoreKit.framework */ = {isa = PBXFileReference; lastKnownFileType = wrapper.framework; name = StoreKit.framework; path = System/Library/Frameworks/StoreKit.framework; sourceTree = SDKROOT; };
		E299AFB0210BF723003949D4 /* SKViewController.h */ = {isa = PBXFileReference; lastKnownFileType = sourcecode.c.h; path = SKViewController.h; sourceTree = "<group>"; };
		E299AFB1210BF723003949D4 /* SKViewController.m */ = {isa = PBXFileReference; lastKnownFileType = sourcecode.c.objc; path = SKViewController.m; sourceTree = "<group>"; };
		E2EE9E2720E3D25B003B77F4 /* ViewController2.h */ = {isa = PBXFileReference; lastKnownFileType = sourcecode.c.h; path = ViewController2.h; sourceTree = "<group>"; };
		E2EE9E2820E3D25B003B77F4 /* ViewController2.m */ = {isa = PBXFileReference; lastKnownFileType = sourcecode.c.objc; path = ViewController2.m; sourceTree = "<group>"; };
/* End PBXFileReference section */

/* Begin PBXFrameworksBuildPhase section */
		E282EBEF20DD40DA00B225BD /* Frameworks */ = {
			isa = PBXFrameworksBuildPhase;
			buildActionMask = 2147483647;
			files = (
				E282EC0D20DD4A0200B225BD /* StoreKit.framework in Frameworks */,
				98FA22EB402D86E77A19B834 /* libPods-ToAppStore.a in Frameworks */,
			);
			runOnlyForDeploymentPostprocessing = 0;
		};
/* End PBXFrameworksBuildPhase section */

/* Begin PBXGroup section */
		8EF11AAE96F2AEEC59484FDF /* Pods */ = {
			isa = PBXGroup;
			children = (
				06ACE1BE208D48972F8B072C /* Pods-ToAppStore.debug.xcconfig */,
				31E0B0DFAD7F388C602ADD15 /* Pods-ToAppStore.release.xcconfig */,
			);
			name = Pods;
			sourceTree = "<group>";
		};
		E282EBE920DD40DA00B225BD = {
			isa = PBXGroup;
			children = (
				E282EBF420DD40DA00B225BD /* ToAppStore */,
				E282EBF320DD40DA00B225BD /* Products */,
				E282EC0B20DD4A0200B225BD /* Frameworks */,
				8EF11AAE96F2AEEC59484FDF /* Pods */,
			);
			sourceTree = "<group>";
		};
		E282EBF320DD40DA00B225BD /* Products */ = {
			isa = PBXGroup;
			children = (
				E282EBF220DD40DA00B225BD /* ToAppStore.app */,
			);
			name = Products;
			sourceTree = "<group>";
		};
		E282EBF420DD40DA00B225BD /* ToAppStore */ = {
			isa = PBXGroup;
			children = (
				E282EBF520DD40DA00B225BD /* AppDelegate.h */,
				E282EBF620DD40DA00B225BD /* AppDelegate.m */,
				E282EBF820DD40DA00B225BD /* ViewController.h */,
				E282EBF920DD40DA00B225BD /* ViewController.m */,
				E2EE9E2720E3D25B003B77F4 /* ViewController2.h */,
				E2EE9E2820E3D25B003B77F4 /* ViewController2.m */,
				E282EBFB20DD40DA00B225BD /* Main.storyboard */,
				E282EBFE20DD40DB00B225BD /* Assets.xcassets */,
				E282EC0020DD40DB00B225BD /* LaunchScreen.storyboard */,
				E282EC0320DD40DB00B225BD /* Info.plist */,
				E282EC0420DD40DB00B225BD /* main.m */,
				E299AFB0210BF723003949D4 /* SKViewController.h */,
				E299AFB1210BF723003949D4 /* SKViewController.m */,
			);
			path = ToAppStore;
			sourceTree = "<group>";
		};
		E282EC0B20DD4A0200B225BD /* Frameworks */ = {
			isa = PBXGroup;
			children = (
				E282EC0C20DD4A0200B225BD /* StoreKit.framework */,
				ADDCCAA052CFE6F22C5B7907 /* libPods-ToAppStore.a */,
			);
			name = Frameworks;
			sourceTree = "<group>";
		};
/* End PBXGroup section */

/* Begin PBXNativeTarget section */
		E282EBF120DD40DA00B225BD /* ToAppStore */ = {
			isa = PBXNativeTarget;
			buildConfigurationList = E282EC0820DD40DB00B225BD /* Build configuration list for PBXNativeTarget "ToAppStore" */;
			buildPhases = (
				F8625674EB66C2CC3764B76F /* [CP] Check Pods Manifest.lock */,
				E282EBEE20DD40DA00B225BD /* Sources */,
				E282EBEF20DD40DA00B225BD /* Frameworks */,
				E282EBF020DD40DA00B225BD /* Resources */,
				2BB56037DF2A5459CE45683E /* [CP] Copy Pods Resources */,
			);
			buildRules = (
			);
			dependencies = (
			);
			name = ToAppStore;
			productName = ToAppStore;
			productReference = E282EBF220DD40DA00B225BD /* ToAppStore.app */;
			productType = "com.apple.product-type.application";
		};
/* End PBXNativeTarget section */

/* Begin PBXProject section */
		E282EBEA20DD40DA00B225BD /* Project object */ = {
			isa = PBXProject;
			attributes = {
				LastUpgradeCheck = 0940;
				ORGANIZATIONNAME = "马海平";
				TargetAttributes = {
					E282EBF120DD40DA00B225BD = {
						CreatedOnToolsVersion = 9.4.1;
					};
				};
			};
			buildConfigurationList = E282EBED20DD40DA00B225BD /* Build configuration list for PBXProject "ToAppStore" */;
			compatibilityVersion = "Xcode 9.3";
			developmentRegion = en;
			hasScannedForEncodings = 0;
			knownRegions = (
				en,
				Base,
			);
			mainGroup = E282EBE920DD40DA00B225BD;
			productRefGroup = E282EBF320DD40DA00B225BD /* Products */;
			projectDirPath = "";
			projectRoot = "";
			targets = (
				E282EBF120DD40DA00B225BD /* ToAppStore */,
			);
		};
/* End PBXProject section */

/* Begin PBXResourcesBuildPhase section */
		E282EBF020DD40DA00B225BD /* Resources */ = {
			isa = PBXResourcesBuildPhase;
			buildActionMask = 2147483647;
			files = (
				E282EC0220DD40DB00B225BD /* LaunchScreen.storyboard in Resources */,
				E282EBFF20DD40DB00B225BD /* Assets.xcassets in Resources */,
				E282EBFD20DD40DA00B225BD /* Main.storyboard in Resources */,
			);
			runOnlyForDeploymentPostprocessing = 0;
		};
/* End PBXResourcesBuildPhase section */

/* Begin PBXShellScriptBuildPhase section */
		2BB56037DF2A5459CE45683E /* [CP] Copy Pods Resources */ = {
			isa = PBXShellScriptBuildPhase;
			buildActionMask = 2147483647;
			files = (
			);
			inputPaths = (
				"${SRCROOT}/Pods/Target Support Files/Pods-ToAppStore/Pods-ToAppStore-resources.sh",
				"${PODS_ROOT}/MJRefresh/MJRefresh/MJRefresh.bundle",
			);
			name = "[CP] Copy Pods Resources";
			outputPaths = (
				"${TARGET_BUILD_DIR}/${UNLOCALIZED_RESOURCES_FOLDER_PATH}/MJRefresh.bundle",
			);
			runOnlyForDeploymentPostprocessing = 0;
			shellPath = /bin/sh;
			shellScript = "\"${SRCROOT}/Pods/Target Support Files/Pods-ToAppStore/Pods-ToAppStore-resources.sh\"\n";
			showEnvVarsInLog = 0;
		};
		F8625674EB66C2CC3764B76F /* [CP] Check Pods Manifest.lock */ = {
			isa = PBXShellScriptBuildPhase;
			buildActionMask = 2147483647;
			files = (
			);
			inputPaths = (
				"${PODS_PODFILE_DIR_PATH}/Podfile.lock",
				"${PODS_ROOT}/Manifest.lock",
			);
			name = "[CP] Check Pods Manifest.lock";
			outputPaths = (
				"$(DERIVED_FILE_DIR)/Pods-ToAppStore-checkManifestLockResult.txt",
			);
			runOnlyForDeploymentPostprocessing = 0;
			shellPath = /bin/sh;
			shellScript = "diff \"${PODS_PODFILE_DIR_PATH}/Podfile.lock\" \"${PODS_ROOT}/Manifest.lock\" > /dev/null\nif [ $? != 0 ] ; then\n    # print error to STDERR\n    echo \"error: The sandbox is not in sync with the Podfile.lock. Run 'pod install' or update your CocoaPods installation.\" >&2\n    exit 1\nfi\n# This output is used by Xcode 'outputs' to avoid re-running this script phase.\necho \"SUCCESS\" > \"${SCRIPT_OUTPUT_FILE_0}\"\n";
			showEnvVarsInLog = 0;
		};
/* End PBXShellScriptBuildPhase section */

/* Begin PBXSourcesBuildPhase section */
		E282EBEE20DD40DA00B225BD /* Sources */ = {
			isa = PBXSourcesBuildPhase;
			buildActionMask = 2147483647;
			files = (
				E282EBFA20DD40DA00B225BD /* ViewController.m in Sources */,
				E2EE9E2920E3D25B003B77F4 /* ViewController2.m in Sources */,
				E282EC0520DD40DB00B225BD /* main.m in Sources */,
				E299AFB2210BF723003949D4 /* SKViewController.m in Sources */,
				E282EBF720DD40DA00B225BD /* AppDelegate.m in Sources */,
			);
			runOnlyForDeploymentPostprocessing = 0;
		};
/* End PBXSourcesBuildPhase section */

/* Begin PBXVariantGroup section */
		E282EBFB20DD40DA00B225BD /* Main.storyboard */ = {
			isa = PBXVariantGroup;
			children = (
				E282EBFC20DD40DA00B225BD /* Base */,
			);
			name = Main.storyboard;
			sourceTree = "<group>";
		};
		E282EC0020DD40DB00B225BD /* LaunchScreen.storyboard */ = {
			isa = PBXVariantGroup;
			children = (
				E282EC0120DD40DB00B225BD /* Base */,
			);
			name = LaunchScreen.storyboard;
			sourceTree = "<group>";
		};
/* End PBXVariantGroup section */

/* Begin XCBuildConfiguration section */
		E282EC0620DD40DB00B225BD /* Debug */ = {
			isa = XCBuildConfiguration;
			buildSettings = {
				ALWAYS_SEARCH_USER_PATHS = NO;
				CLANG_ANALYZER_NONNULL = YES;
				CLANG_ANALYZER_NUMBER_OBJECT_CONVERSION = YES_AGGRESSIVE;
				CLANG_CXX_LANGUAGE_STANDARD = "gnu++14";
				CLANG_CXX_LIBRARY = "libc++";
				CLANG_ENABLE_MODULES = YES;
				CLANG_ENABLE_OBJC_ARC = YES;
				CLANG_ENABLE_OBJC_WEAK = YES;
				CLANG_WARN_BLOCK_CAPTURE_AUTORELEASING = YES;
				CLANG_WARN_BOOL_CONVERSION = YES;
				CLANG_WARN_COMMA = YES;
				CLANG_WARN_CONSTANT_CONVERSION = YES;
				CLANG_WARN_DEPRECATED_OBJC_IMPLEMENTATIONS = YES;
				CLANG_WARN_DIRECT_OBJC_ISA_USAGE = YES_ERROR;
				CLANG_WARN_DOCUMENTATION_COMMENTS = YES;
				CLANG_WARN_EMPTY_BODY = YES;
				CLANG_WARN_ENUM_CONVERSION = YES;
				CLANG_WARN_INFINITE_RECURSION = YES;
				CLANG_WARN_INT_CONVERSION = YES;
				CLANG_WARN_NON_LITERAL_NULL_CONVERSION = YES;
				CLANG_WARN_OBJC_IMPLICIT_RETAIN_SELF = YES;
				CLANG_WARN_OBJC_LITERAL_CONVERSION = YES;
				CLANG_WARN_OBJC_ROOT_CLASS = YES_ERROR;
				CLANG_WARN_RANGE_LOOP_ANALYSIS = YES;
				CLANG_WARN_STRICT_PROTOTYPES = YES;
				CLANG_WARN_SUSPICIOUS_MOVE = YES;
				CLANG_WARN_UNGUARDED_AVAILABILITY = YES_AGGRESSIVE;
				CLANG_WARN_UNREACHABLE_CODE = YES;
				CLANG_WARN__DUPLICATE_METHOD_MATCH = YES;
				CODE_SIGN_IDENTITY = "iPhone Developer";
				COPY_PHASE_STRIP = NO;
				DEBUG_INFORMATION_FORMAT = dwarf;
				ENABLE_STRICT_OBJC_MSGSEND = YES;
				ENABLE_TESTABILITY = YES;
				GCC_C_LANGUAGE_STANDARD = gnu11;
				GCC_DYNAMIC_NO_PIC = NO;
				GCC_NO_COMMON_BLOCKS = YES;
				GCC_OPTIMIZATION_LEVEL = 0;
				GCC_PREPROCESSOR_DEFINITIONS = (
					"DEBUG=1",
					"$(inherited)",
				);
				GCC_WARN_64_TO_32_BIT_CONVERSION = YES;
				GCC_WARN_ABOUT_RETURN_TYPE = YES_ERROR;
				GCC_WARN_UNDECLARED_SELECTOR = YES;
				GCC_WARN_UNINITIALIZED_AUTOS = YES_AGGRESSIVE;
				GCC_WARN_UNUSED_FUNCTION = YES;
				GCC_WARN_UNUSED_VARIABLE = YES;
				IPHONEOS_DEPLOYMENT_TARGET = 11.4;
				MTL_ENABLE_DEBUG_INFO = YES;
				ONLY_ACTIVE_ARCH = YES;
				SDKROOT = iphoneos;
			};
			name = Debug;
		};
		E282EC0720DD40DB00B225BD /* Release */ = {
			isa = XCBuildConfiguration;
			buildSettings = {
				ALWAYS_SEARCH_USER_PATHS = NO;
				CLANG_ANALYZER_NONNULL = YES;
				CLANG_ANALYZER_NUMBER_OBJECT_CONVERSION = YES_AGGRESSIVE;
				CLANG_CXX_LANGUAGE_STANDARD = "gnu++14";
				CLANG_CXX_LIBRARY = "libc++";
				CLANG_ENABLE_MODULES = YES;
				CLANG_ENABLE_OBJC_ARC = YES;
				CLANG_ENABLE_OBJC_WEAK = YES;
				CLANG_WARN_BLOCK_CAPTURE_AUTORELEASING = YES;
				CLANG_WARN_BOOL_CONVERSION = YES;
				CLANG_WARN_COMMA = YES;
				CLANG_WARN_CONSTANT_CONVERSION = YES;
				CLANG_WARN_DEPRECATED_OBJC_IMPLEMENTATIONS = YES;
				CLANG_WARN_DIRECT_OBJC_ISA_USAGE = YES_ERROR;
				CLANG_WARN_DOCUMENTATION_COMMENTS = YES;
				CLANG_WARN_EMPTY_BODY = YES;
				CLANG_WARN_ENUM_CONVERSION = YES;
				CLANG_WARN_INFINITE_RECURSION = YES;
				CLANG_WARN_INT_CONVERSION = YES;
				CLANG_WARN_NON_LITERAL_NULL_CONVERSION = YES;
				CLANG_WARN_OBJC_IMPLICIT_RETAIN_SELF = YES;
				CLANG_WARN_OBJC_LITERAL_CONVERSION = YES;
				CLANG_WARN_OBJC_ROOT_CLASS = YES_ERROR;
				CLANG_WARN_RANGE_LOOP_ANALYSIS = YES;
				CLANG_WARN_STRICT_PROTOTYPES = YES;
				CLANG_WARN_SUSPICIOUS_MOVE = YES;
				CLANG_WARN_UNGUARDED_AVAILABILITY = YES_AGGRESSIVE;
				CLANG_WARN_UNREACHABLE_CODE = YES;
				CLANG_WARN__DUPLICATE_METHOD_MATCH = YES;
				CODE_SIGN_IDENTITY = "iPhone Developer";
				COPY_PHASE_STRIP = NO;
				DEBUG_INFORMATION_FORMAT = "dwarf-with-dsym";
				ENABLE_NS_ASSERTIONS = NO;
				ENABLE_STRICT_OBJC_MSGSEND = YES;
				GCC_C_LANGUAGE_STANDARD = gnu11;
				GCC_NO_COMMON_BLOCKS = YES;
				GCC_WARN_64_TO_32_BIT_CONVERSION = YES;
				GCC_WARN_ABOUT_RETURN_TYPE = YES_ERROR;
				GCC_WARN_UNDECLARED_SELECTOR = YES;
				GCC_WARN_UNINITIALIZED_AUTOS = YES_AGGRESSIVE;
				GCC_WARN_UNUSED_FUNCTION = YES;
				GCC_WARN_UNUSED_VARIABLE = YES;
				IPHONEOS_DEPLOYMENT_TARGET = 11.4;
				MTL_ENABLE_DEBUG_INFO = NO;
				SDKROOT = iphoneos;
				VALIDATE_PRODUCT = YES;
			};
			name = Release;
		};
		E282EC0920DD40DB00B225BD /* Debug */ = {
			isa = XCBuildConfiguration;
			baseConfigurationReference = 06ACE1BE208D48972F8B072C /* Pods-ToAppStore.debug.xcconfig */;
			buildSettings = {
				ASSETCATALOG_COMPILER_APPICON_NAME = AppIcon;
				CODE_SIGN_STYLE = Automatic;
				DEVELOPMENT_TEAM = 2T9W5G8PD5;
				INFOPLIST_FILE = ToAppStore/Info.plist;
				IPHONEOS_DEPLOYMENT_TARGET = 9.0;
				LD_RUNPATH_SEARCH_PATHS = (
					"$(inherited)",
					"@executable_path/Frameworks",
				);
				PRODUCT_BUNDLE_IDENTIFIER = mahaiping.ToAppStore;
				PRODUCT_NAME = "$(TARGET_NAME)";
				TARGETED_DEVICE_FAMILY = "1,2";
			};
			name = Debug;
		};
		E282EC0A20DD40DB00B225BD /* Release */ = {
			isa = XCBuildConfiguration;
			baseConfigurationReference = 31E0B0DFAD7F388C602ADD15 /* Pods-ToAppStore.release.xcconfig */;
			buildSettings = {
				ASSETCATALOG_COMPILER_APPICON_NAME = AppIcon;
				CODE_SIGN_STYLE = Automatic;
				DEVELOPMENT_TEAM = 2T9W5G8PD5;
				INFOPLIST_FILE = ToAppStore/Info.plist;
				IPHONEOS_DEPLOYMENT_TARGET = 9.0;
				LD_RUNPATH_SEARCH_PATHS = (
					"$(inherited)",
					"@executable_path/Frameworks",
				);
				PRODUCT_BUNDLE_IDENTIFIER = mahaiping.ToAppStore;
				PRODUCT_NAME = "$(TARGET_NAME)";
				TARGETED_DEVICE_FAMILY = "1,2";
			};
			name = Release;
		};
/* End XCBuildConfiguration section */

/* Begin XCConfigurationList section */
		E282EBED20DD40DA00B225BD /* Build configuration list for PBXProject "ToAppStore" */ = {
			isa = XCConfigurationList;
			buildConfigurations = (
				E282EC0620DD40DB00B225BD /* Debug */,
				E282EC0720DD40DB00B225BD /* Release */,
			);
			defaultConfigurationIsVisible = 0;
			defaultConfigurationName = Release;
		};
		E282EC0820DD40DB00B225BD /* Build configuration list for PBXNativeTarget "ToAppStore" */ = {
			isa = XCConfigurationList;
			buildConfigurations = (
				E282EC0920DD40DB00B225BD /* Debug */,
				E282EC0A20DD40DB00B225BD /* Release */,
			);
			defaultConfigurationIsVisible = 0;
			defaultConfigurationName = Release;
		};
/* End XCConfigurationList section */
	};
	rootObject = E282EBEA20DD40DA00B225BD /* Project object */;
}
